// !$*UTF8*$!
{
	archiveVersion = 1;
	classes = {
	};
	objectVersion = 54;
	objects = {

/* Begin PBXBuildFile section */
		002C63D8326BFF041CAC6C87 /* Pods_SampleOTP_Tests.framework in Frameworks */ = {isa = PBXBuildFile; fileRef = 28AC4841EA680FB0CD41C7CB /* Pods_SampleOTP_Tests.framework */; };
		04051ECB2DC99D6F00451D97 /* SampleOTPTextFieldTests.swift in Sources */ = {isa = PBXBuildFile; fileRef = 04051EC42DC99D5A00451D97 /* SampleOTPTextFieldTests.swift */; };
		04051ECC2DC99D6F00451D97 /* SampleOTPAnimationHandlerTests.swift in Sources */ = {isa = PBXBuildFile; fileRef = 04051EC22DC99D5A00451D97 /* SampleOTPAnimationHandlerTests.swift */; };
		04051ECD2DC99D6F00451D97 /* SampleOTPStyleHandlerTests.swift in Sources */ = {isa = PBXBuildFile; fileRef = 04051EC32DC99D5A00451D97 /* SampleOTPStyleHandlerTests.swift */; };
		04051ECE2DC99D6F00451D97 /* SampleOTPViewUIModelTests.swift in Sources */ = {isa = PBXBuildFile; fileRef = 04051EC62DC99D5A00451D97 /* SampleOTPViewUIModelTests.swift */; };
		04051ED02DC99D6F00451D97 /* SampleOTPViewTests.swift in Sources */ = {isa = PBXBuildFile; fileRef = 04051EC52DC99D5A00451D97 /* SampleOTPViewTests.swift */; };
		041262042DC990FD00737FFD /* SampleOTPView.swift in Sources */ = {isa = PBXBuildFile; fileRef = 041261FF2DC990E300737FFD /* SampleOTPView.swift */; };
		041262052DC990FD00737FFD /* SampleOTPStyleHandler.swift in Sources */ = {isa = PBXBuildFile; fileRef = 041261FD2DC990E300737FFD /* SampleOTPStyleHandler.swift */; };
		041262062DC990FD00737FFD /* SampleOTPViewWrapper.swift in Sources */ = {isa = PBXBuildFile; fileRef = 041262012DC990E300737FFD /* SampleOTPViewWrapper.swift */; };
		041262082DC990FD00737FFD /* SampleOTPViewUIModel.swift in Sources */ = {isa = PBXBuildFile; fileRef = 041262002DC990E300737FFD /* SampleOTPViewUIModel.swift */; };
		041262092DC990FD00737FFD /* SampleOTPTextField.swift in Sources */ = {isa = PBXBuildFile; fileRef = 041261FE2DC990E300737FFD /* SampleOTPTextField.swift */; };
		0412620A2DC990FD00737FFD /* SampleOTPAnimationHandler.swift in Sources */ = {isa = PBXBuildFile; fileRef = 041261FC2DC990E300737FFD /* SampleOTPAnimationHandler.swift */; };
		0465460B2DCC26F7001741E8 /* SampleOTPTextField.swift in Sources */ = {isa = PBXBuildFile; fileRef = 041261FE2DC990E300737FFD /* SampleOTPTextField.swift */; };
		0465460C2DCC26F7001741E8 /* SampleOTPStyleHandler.swift in Sources */ = {isa = PBXBuildFile; fileRef = 041261FD2DC990E300737FFD /* SampleOTPStyleHandler.swift */; };
		0465460D2DCC26F7001741E8 /* SampleOTPAnimationHandler.swift in Sources */ = {isa = PBXBuildFile; fileRef = 041261FC2DC990E300737FFD /* SampleOTPAnimationHandler.swift */; };
		0465460E2DCC26F7001741E8 /* SampleOTPViewUIModel.swift in Sources */ = {isa = PBXBuildFile; fileRef = 041262002DC990E300737FFD /* SampleOTPViewUIModel.swift */; };
		0465460F2DCC26F7001741E8 /* SampleOTPViewWrapper.swift in Sources */ = {isa = PBXBuildFile; fileRef = 041262012DC990E300737FFD /* SampleOTPViewWrapper.swift */; };
		046546102DCC2AAC001741E8 /* SampleOTPView.swift in Sources */ = {isa = PBXBuildFile; fileRef = 041261FF2DC990E300737FFD /* SampleOTPView.swift */; };
		046546122DCE2682001741E8 /* Contracts.swift in Sources */ = {isa = PBXBuildFile; fileRef = 046546112DCE2682001741E8 /* Contracts.swift */; };
		046546132DCE2682001741E8 /* Contracts.swift in Sources */ = {isa = PBXBuildFile; fileRef = 046546112DCE2682001741E8 /* Contracts.swift */; };
		0489AC962DCE61F80009C461 /* AppDelegate.swift in Sources */ = {isa = PBXBuildFile; fileRef = 0489AC8D2DCE61F80009C461 /* AppDelegate.swift */; };
		0489AC972DCE61F80009C461 /* ContentView.swift in Sources */ = {isa = PBXBuildFile; fileRef = 0489AC8E2DCE61F80009C461 /* ContentView.swift */; };
		0489AC982DCE61F80009C461 /* ViewController.swift in Sources */ = {isa = PBXBuildFile; fileRef = 0489AC942DCE61F80009C461 /* ViewController.swift */; };
		0489AC992DCE61F80009C461 /* LaunchScreen.xib in Resources */ = {isa = PBXBuildFile; fileRef = 0489AC912DCE61F80009C461 /* LaunchScreen.xib */; };
		0489AC9B2DCE61F80009C461 /* Main.storyboard in Resources */ = {isa = PBXBuildFile; fileRef = 0489AC932DCE61F80009C461 /* Main.storyboard */; };
		F72565F408477227F75B3006 /* Pods_SampleOTP_Example.framework in Frameworks */ = {isa = PBXBuildFile; fileRef = 8954C0C0B5D01B6B467E85AF /* Pods_SampleOTP_Example.framework */; };
/* End PBXBuildFile section */

/* Begin PBXContainerItemProxy section */
		607FACE61AFB9204008FA782 /* PBXContainerItemProxy */ = {
			isa = PBXContainerItemProxy;
			containerPortal = 607FACC81AFB9204008FA782 /* Project object */;
			proxyType = 1;
			remoteGlobalIDString = 607FACCF1AFB9204008FA782;
			remoteInfo = SampleOTP;
		};
/* End PBXContainerItemProxy section */

/* Begin PBXFileReference section */
		01AE13C3F8803B3DC1350A6B /* SampleOTP.podspec */ = {isa = PBXFileReference; includeInIndex = 1; lastKnownFileType = text; name = SampleOTP.podspec; path = ../SampleOTP.podspec; sourceTree = "<group>"; xcLanguageSpecificationIdentifier = xcode.lang.ruby; };
		04051EC22DC99D5A00451D97 /* SampleOTPAnimationHandlerTests.swift */ = {isa = PBXFileReference; lastKnownFileType = sourcecode.swift; path = SampleOTPAnimationHandlerTests.swift; sourceTree = "<group>"; };
		04051EC32DC99D5A00451D97 /* SampleOTPStyleHandlerTests.swift */ = {isa = PBXFileReference; lastKnownFileType = sourcecode.swift; path = SampleOTPStyleHandlerTests.swift; sourceTree = "<group>"; };
		04051EC42DC99D5A00451D97 /* SampleOTPTextFieldTests.swift */ = {isa = PBXFileReference; lastKnownFileType = sourcecode.swift; path = SampleOTPTextFieldTests.swift; sourceTree = "<group>"; };
		04051EC52DC99D5A00451D97 /* SampleOTPViewTests.swift */ = {isa = PBXFileReference; lastKnownFileType = sourcecode.swift; path = SampleOTPViewTests.swift; sourceTree = "<group>"; };
		04051EC62DC99D5A00451D97 /* SampleOTPViewUIModelTests.swift */ = {isa = PBXFileReference; lastKnownFileType = sourcecode.swift; path = SampleOTPViewUIModelTests.swift; sourceTree = "<group>"; };
		041261FC2DC990E300737FFD /* SampleOTPAnimationHandler.swift */ = {isa = PBXFileReference; lastKnownFileType = sourcecode.swift; path = SampleOTPAnimationHandler.swift; sourceTree = "<group>"; };
		041261FD2DC990E300737FFD /* SampleOTPStyleHandler.swift */ = {isa = PBXFileReference; lastKnownFileType = sourcecode.swift; path = SampleOTPStyleHandler.swift; sourceTree = "<group>"; };
		041261FE2DC990E300737FFD /* SampleOTPTextField.swift */ = {isa = PBXFileReference; lastKnownFileType = sourcecode.swift; path = SampleOTPTextField.swift; sourceTree = "<group>"; };
		041261FF2DC990E300737FFD /* SampleOTPView.swift */ = {isa = PBXFileReference; lastKnownFileType = sourcecode.swift; path = SampleOTPView.swift; sourceTree = "<group>"; };
		041262002DC990E300737FFD /* SampleOTPViewUIModel.swift */ = {isa = PBXFileReference; lastKnownFileType = sourcecode.swift; path = SampleOTPViewUIModel.swift; sourceTree = "<group>"; };
		041262012DC990E300737FFD /* SampleOTPViewWrapper.swift */ = {isa = PBXFileReference; lastKnownFileType = sourcecode.swift; path = SampleOTPViewWrapper.swift; sourceTree = "<group>"; };
		0425B8172DCA538E0024D2C5 /* Info.plist */ = {isa = PBXFileReference; lastKnownFileType = text.plist.xml; path = Info.plist; sourceTree = "<group>"; };
		046546112DCE2682001741E8 /* Contracts.swift */ = {isa = PBXFileReference; lastKnownFileType = sourcecode.swift; path = Contracts.swift; sourceTree = "<group>"; };
		046B55B02DCC1E7C009742AD /* SampleOTPTestPlan.xctestplan */ = {isa = PBXFileReference; lastKnownFileType = text; path = SampleOTPTestPlan.xctestplan; sourceTree = "<group>"; };
		047DCDC72DCF61A0006AC25D /* Images.xcassets */ = {isa = PBXFileReference; lastKnownFileType = folder.assetcatalog; path = Images.xcassets; sourceTree = "<group>"; };
		047DCDC82DCF61A0006AC25D /* sampleOtpGif.gif */ = {isa = PBXFileReference; lastKnownFileType = image.gif; path = sampleOtpGif.gif; sourceTree = "<group>"; };
		0489AC8D2DCE61F80009C461 /* AppDelegate.swift */ = {isa = PBXFileReference; lastKnownFileType = sourcecode.swift; path = AppDelegate.swift; sourceTree = "<group>"; };
		0489AC8E2DCE61F80009C461 /* ContentView.swift */ = {isa = PBXFileReference; lastKnownFileType = sourcecode.swift; path = ContentView.swift; sourceTree = "<group>"; };
		0489AC8F2DCE61F80009C461 /* Info.plist */ = {isa = PBXFileReference; lastKnownFileType = text.plist.xml; path = Info.plist; sourceTree = "<group>"; };
		0489AC902DCE61F80009C461 /* Base */ = {isa = PBXFileReference; lastKnownFileType = file.xib; name = Base; path = Base.lproj/LaunchScreen.xib; sourceTree = "<group>"; };
		0489AC922DCE61F80009C461 /* Base */ = {isa = PBXFileReference; lastKnownFileType = file.storyboard; name = Base; path = Base.lproj/Main.storyboard; sourceTree = "<group>"; };
		0489AC942DCE61F80009C461 /* ViewController.swift */ = {isa = PBXFileReference; lastKnownFileType = sourcecode.swift; path = ViewController.swift; sourceTree = "<group>"; };
		04CF507D2DCA905100D5EBBD /* Package.swift */ = {isa = PBXFileReference; lastKnownFileType = sourcecode.swift; name = Package.swift; path = ../Package.swift; sourceTree = SOURCE_ROOT; };
		103778E1A9F2A78279120E52 /* Pods-SampleOTP_Example.debug.xcconfig */ = {isa = PBXFileReference; includeInIndex = 1; lastKnownFileType = text.xcconfig; name = "Pods-SampleOTP_Example.debug.xcconfig"; path = "Target Support Files/Pods-SampleOTP_Example/Pods-SampleOTP_Example.debug.xcconfig"; sourceTree = "<group>"; };
		1A111F879D13CB04C24CC697 /* Pods-SampleOTP_Example.release.xcconfig */ = {isa = PBXFileReference; includeInIndex = 1; lastKnownFileType = text.xcconfig; name = "Pods-SampleOTP_Example.release.xcconfig"; path = "Target Support Files/Pods-SampleOTP_Example/Pods-SampleOTP_Example.release.xcconfig"; sourceTree = "<group>"; };
		28AC4841EA680FB0CD41C7CB /* Pods_SampleOTP_Tests.framework */ = {isa = PBXFileReference; explicitFileType = wrapper.framework; includeInIndex = 0; path = Pods_SampleOTP_Tests.framework; sourceTree = BUILT_PRODUCTS_DIR; };
		607FACD01AFB9204008FA782 /* SampleOTP_Example.app */ = {isa = PBXFileReference; explicitFileType = wrapper.application; includeInIndex = 0; path = SampleOTP_Example.app; sourceTree = BUILT_PRODUCTS_DIR; };
		607FACE51AFB9204008FA782 /* SampleOTP_Tests.xctest */ = {isa = PBXFileReference; explicitFileType = wrapper.cfbundle; includeInIndex = 0; path = SampleOTP_Tests.xctest; sourceTree = BUILT_PRODUCTS_DIR; };
		625B4CAD85FA61CD74101E8F /* README.md */ = {isa = PBXFileReference; includeInIndex = 1; lastKnownFileType = net.daringfireball.markdown; name = README.md; path = ../README.md; sourceTree = "<group>"; };
		83D40776495930CA6C589484 /* LICENSE */ = {isa = PBXFileReference; includeInIndex = 1; lastKnownFileType = text; name = LICENSE; path = ../LICENSE; sourceTree = "<group>"; };
		8954C0C0B5D01B6B467E85AF /* Pods_SampleOTP_Example.framework */ = {isa = PBXFileReference; explicitFileType = wrapper.framework; includeInIndex = 0; path = Pods_SampleOTP_Example.framework; sourceTree = BUILT_PRODUCTS_DIR; };
		94E1B135F19D8CF97EA9A08F /* Pods-SampleOTP_Tests.debug.xcconfig */ = {isa = PBXFileReference; includeInIndex = 1; lastKnownFileType = text.xcconfig; name = "Pods-SampleOTP_Tests.debug.xcconfig"; path = "Target Support Files/Pods-SampleOTP_Tests/Pods-SampleOTP_Tests.debug.xcconfig"; sourceTree = "<group>"; };
		9AE40BABF5BA91EBE7151059 /* Pods-SampleOTP_Tests.release.xcconfig */ = {isa = PBXFileReference; includeInIndex = 1; lastKnownFileType = text.xcconfig; name = "Pods-SampleOTP_Tests.release.xcconfig"; path = "Target Support Files/Pods-SampleOTP_Tests/Pods-SampleOTP_Tests.release.xcconfig"; sourceTree = "<group>"; };
/* End PBXFileReference section */

/* Begin PBXFrameworksBuildPhase section */
		607FACCD1AFB9204008FA782 /* Frameworks */ = {
			isa = PBXFrameworksBuildPhase;
			buildActionMask = 2147483647;
			files = (
				F72565F408477227F75B3006 /* Pods_SampleOTP_Example.framework in Frameworks */,
			);
			runOnlyForDeploymentPostprocessing = 0;
		};
		607FACE21AFB9204008FA782 /* Frameworks */ = {
			isa = PBXFrameworksBuildPhase;
			buildActionMask = 2147483647;
			files = (
				002C63D8326BFF041CAC6C87 /* Pods_SampleOTP_Tests.framework in Frameworks */,
			);
			runOnlyForDeploymentPostprocessing = 0;
		};
/* End PBXFrameworksBuildPhase section */

/* Begin PBXGroup section */
		04051EC72DC99D5A00451D97 /* SampleOTPTests */ = {
			isa = PBXGroup;
			children = (
				046B55B02DCC1E7C009742AD /* SampleOTPTestPlan.xctestplan */,
				04051EC22DC99D5A00451D97 /* SampleOTPAnimationHandlerTests.swift */,
				04051EC32DC99D5A00451D97 /* SampleOTPStyleHandlerTests.swift */,
				04051EC42DC99D5A00451D97 /* SampleOTPTextFieldTests.swift */,
				04051EC52DC99D5A00451D97 /* SampleOTPViewTests.swift */,
				04051EC62DC99D5A00451D97 /* SampleOTPViewUIModelTests.swift */,
			);
			path = SampleOTPTests;
			sourceTree = "<group>";
		};
		04051ECA2DC99D5A00451D97 /* Tests */ = {
			isa = PBXGroup;
			children = (
				0425B8152DCA53200024D2C5 /* Supporting Files */,
				04051EC72DC99D5A00451D97 /* SampleOTPTests */,
			);
			name = Tests;
			path = ../Tests;
			sourceTree = SOURCE_ROOT;
		};
		041262022DC990E300737FFD /* SampleOTP */ = {
			isa = PBXGroup;
			children = (
				046546112DCE2682001741E8 /* Contracts.swift */,
				041261FC2DC990E300737FFD /* SampleOTPAnimationHandler.swift */,
				041261FD2DC990E300737FFD /* SampleOTPStyleHandler.swift */,
				041261FE2DC990E300737FFD /* SampleOTPTextField.swift */,
				041261FF2DC990E300737FFD /* SampleOTPView.swift */,
				041262002DC990E300737FFD /* SampleOTPViewUIModel.swift */,
				041262012DC990E300737FFD /* SampleOTPViewWrapper.swift */,
			);
			path = SampleOTP;
			sourceTree = "<group>";
		};
		041262032DC990E300737FFD /* Sources */ = {
			isa = PBXGroup;
			children = (
				041262022DC990E300737FFD /* SampleOTP */,
			);
			name = Sources;
			path = ../Sources;
			sourceTree = SOURCE_ROOT;
		};
		0425B8152DCA53200024D2C5 /* Supporting Files */ = {
			isa = PBXGroup;
			children = (
				0425B8172DCA538E0024D2C5 /* Info.plist */,
			);
			path = "Supporting Files";
			sourceTree = "<group>";
		};
		047DCDC92DCF61A0006AC25D /* Resources */ = {
			isa = PBXGroup;
			children = (
				047DCDC72DCF61A0006AC25D /* Images.xcassets */,
				047DCDC82DCF61A0006AC25D /* sampleOtpGif.gif */,
			);
			path = Resources;
			sourceTree = "<group>";
		};
		0489AC8C2DCE61640009C461 /* Example */ = {
			isa = PBXGroup;
			children = (
				047DCDC92DCF61A0006AC25D /* Resources */,
				0489AC952DCE61F80009C461 /* SampleOTP */,
			);
			name = Example;
			sourceTree = SOURCE_ROOT;
		};
		0489AC952DCE61F80009C461 /* SampleOTP */ = {
			isa = PBXGroup;
			children = (
				0489AC8D2DCE61F80009C461 /* AppDelegate.swift */,
				0489AC8E2DCE61F80009C461 /* ContentView.swift */,
				0489AC8F2DCE61F80009C461 /* Info.plist */,
				0489AC912DCE61F80009C461 /* LaunchScreen.xib */,
				0489AC932DCE61F80009C461 /* Main.storyboard */,
				0489AC942DCE61F80009C461 /* ViewController.swift */,
			);
			path = SampleOTP;
			sourceTree = "<group>";
		};
		607FACC71AFB9204008FA782 = {
			isa = PBXGroup;
			children = (
				0489AC8C2DCE61640009C461 /* Example */,
				041262032DC990E300737FFD /* Sources */,
				607FACF51AFB993E008FA782 /* Podspec Metadata */,
				04051ECA2DC99D5A00451D97 /* Tests */,
				607FACD11AFB9204008FA782 /* Products */,
				A757BFAA6E256000D514EFDA /* Pods */,
				C96C752615DDA74AEBDF3285 /* Frameworks */,
			);
			sourceTree = "<group>";
		};
		607FACD11AFB9204008FA782 /* Products */ = {
			isa = PBXGroup;
			children = (
				607FACD01AFB9204008FA782 /* SampleOTP_Example.app */,
				607FACE51AFB9204008FA782 /* SampleOTP_Tests.xctest */,
			);
			name = Products;
			sourceTree = "<group>";
		};
		607FACF51AFB993E008FA782 /* Podspec Metadata */ = {
			isa = PBXGroup;
			children = (
				04CF507D2DCA905100D5EBBD /* Package.swift */,
				01AE13C3F8803B3DC1350A6B /* SampleOTP.podspec */,
				625B4CAD85FA61CD74101E8F /* README.md */,
				83D40776495930CA6C589484 /* LICENSE */,
			);
			name = "Podspec Metadata";
			sourceTree = "<group>";
		};
		A757BFAA6E256000D514EFDA /* Pods */ = {
			isa = PBXGroup;
			children = (
				103778E1A9F2A78279120E52 /* Pods-SampleOTP_Example.debug.xcconfig */,
				1A111F879D13CB04C24CC697 /* Pods-SampleOTP_Example.release.xcconfig */,
				94E1B135F19D8CF97EA9A08F /* Pods-SampleOTP_Tests.debug.xcconfig */,
				9AE40BABF5BA91EBE7151059 /* Pods-SampleOTP_Tests.release.xcconfig */,
			);
			path = Pods;
			sourceTree = "<group>";
		};
		C96C752615DDA74AEBDF3285 /* Frameworks */ = {
			isa = PBXGroup;
			children = (
				8954C0C0B5D01B6B467E85AF /* Pods_SampleOTP_Example.framework */,
				28AC4841EA680FB0CD41C7CB /* Pods_SampleOTP_Tests.framework */,
			);
			name = Frameworks;
			sourceTree = "<group>";
		};
/* End PBXGroup section */

/* Begin PBXNativeTarget section */
		607FACCF1AFB9204008FA782 /* SampleOTP_Example */ = {
			isa = PBXNativeTarget;
			buildConfigurationList = 607FACEF1AFB9204008FA782 /* Build configuration list for PBXNativeTarget "SampleOTP_Example" */;
			buildPhases = (
				05B37802A2606AB75E940A7E /* [CP] Check Pods Manifest.lock */,
				607FACCC1AFB9204008FA782 /* Sources */,
				607FACCD1AFB9204008FA782 /* Frameworks */,
				607FACCE1AFB9204008FA782 /* Resources */,
				BCF4A51D07D2AB42C3499391 /* [CP] Embed Pods Frameworks */,
			);
			buildRules = (
			);
			dependencies = (
			);
			name = SampleOTP_Example;
			productName = SampleOTP;
			productReference = 607FACD01AFB9204008FA782 /* SampleOTP_Example.app */;
			productType = "com.apple.product-type.application";
		};
		607FACE41AFB9204008FA782 /* SampleOTP_Tests */ = {
			isa = PBXNativeTarget;
			buildConfigurationList = 607FACF21AFB9204008FA782 /* Build configuration list for PBXNativeTarget "SampleOTP_Tests" */;
			buildPhases = (
				A60150D16D51B841CABA6010 /* [CP] Check Pods Manifest.lock */,
				607FACE11AFB9204008FA782 /* Sources */,
				607FACE21AFB9204008FA782 /* Frameworks */,
				607FACE31AFB9204008FA782 /* Resources */,
			);
			buildRules = (
			);
			dependencies = (
				607FACE71AFB9204008FA782 /* PBXTargetDependency */,
			);
			name = SampleOTP_Tests;
			productName = Tests;
			productReference = 607FACE51AFB9204008FA782 /* SampleOTP_Tests.xctest */;
			productType = "com.apple.product-type.bundle.unit-test";
		};
/* End PBXNativeTarget section */

/* Begin PBXProject section */
		607FACC81AFB9204008FA782 /* Project object */ = {
			isa = PBXProject;
			attributes = {
				BuildIndependentTargetsInParallel = YES;
				LastSwiftUpdateCheck = 0830;
				LastUpgradeCheck = 1630;
				ORGANIZATIONNAME = CocoaPods;
				TargetAttributes = {
					607FACCF1AFB9204008FA782 = {
						CreatedOnToolsVersion = 6.3.1;
						LastSwiftMigration = 0900;
					};
					607FACE41AFB9204008FA782 = {
						CreatedOnToolsVersion = 6.3.1;
						LastSwiftMigration = 0900;
						TestTargetID = 607FACCF1AFB9204008FA782;
					};
				};
			};
			buildConfigurationList = 607FACCB1AFB9204008FA782 /* Build configuration list for PBXProject "SampleOTP" */;
			compatibilityVersion = "Xcode 3.2";
			developmentRegion = en;
			hasScannedForEncodings = 0;
			knownRegions = (
				en,
				Base,
			);
			mainGroup = 607FACC71AFB9204008FA782;
			productRefGroup = 607FACD11AFB9204008FA782 /* Products */;
			projectDirPath = "";
			projectRoot = "";
			targets = (
				607FACCF1AFB9204008FA782 /* SampleOTP_Example */,
				607FACE41AFB9204008FA782 /* SampleOTP_Tests */,
			);
		};
/* End PBXProject section */

/* Begin PBXResourcesBuildPhase section */
		607FACCE1AFB9204008FA782 /* Resources */ = {
			isa = PBXResourcesBuildPhase;
			buildActionMask = 2147483647;
			files = (
				0489AC992DCE61F80009C461 /* LaunchScreen.xib in Resources */,
				0489AC9B2DCE61F80009C461 /* Main.storyboard in Resources */,
			);
			runOnlyForDeploymentPostprocessing = 0;
		};
		607FACE31AFB9204008FA782 /* Resources */ = {
			isa = PBXResourcesBuildPhase;
			buildActionMask = 2147483647;
			files = (
			);
			runOnlyForDeploymentPostprocessing = 0;
		};
/* End PBXResourcesBuildPhase section */

/* Begin PBXShellScriptBuildPhase section */
		05B37802A2606AB75E940A7E /* [CP] Check Pods Manifest.lock */ = {
			isa = PBXShellScriptBuildPhase;
			buildActionMask = 2147483647;
			files = (
			);
			inputFileListPaths = (
			);
			inputPaths = (
				"${PODS_PODFILE_DIR_PATH}/Podfile.lock",
				"${PODS_ROOT}/Manifest.lock",
			);
			name = "[CP] Check Pods Manifest.lock";
			outputFileListPaths = (
			);
			outputPaths = (
				"$(DERIVED_FILE_DIR)/Pods-SampleOTP_Example-checkManifestLockResult.txt",
			);
			runOnlyForDeploymentPostprocessing = 0;
			shellPath = /bin/sh;
			shellScript = "diff \"${PODS_PODFILE_DIR_PATH}/Podfile.lock\" \"${PODS_ROOT}/Manifest.lock\" > /dev/null\nif [ $? != 0 ] ; then\n    # print error to STDERR\n    echo \"error: The sandbox is not in sync with the Podfile.lock. Run 'pod install' or update your CocoaPods installation.\" >&2\n    exit 1\nfi\n# This output is used by Xcode 'outputs' to avoid re-running this script phase.\necho \"SUCCESS\" > \"${SCRIPT_OUTPUT_FILE_0}\"\n";
			showEnvVarsInLog = 0;
		};
		A60150D16D51B841CABA6010 /* [CP] Check Pods Manifest.lock */ = {
			isa = PBXShellScriptBuildPhase;
			buildActionMask = 2147483647;
			files = (
			);
			inputFileListPaths = (
			);
			inputPaths = (
				"${PODS_PODFILE_DIR_PATH}/Podfile.lock",
				"${PODS_ROOT}/Manifest.lock",
			);
			name = "[CP] Check Pods Manifest.lock";
			outputFileListPaths = (
			);
			outputPaths = (
				"$(DERIVED_FILE_DIR)/Pods-SampleOTP_Tests-checkManifestLockResult.txt",
			);
			runOnlyForDeploymentPostprocessing = 0;
			shellPath = /bin/sh;
			shellScript = "diff \"${PODS_PODFILE_DIR_PATH}/Podfile.lock\" \"${PODS_ROOT}/Manifest.lock\" > /dev/null\nif [ $? != 0 ] ; then\n    # print error to STDERR\n    echo \"error: The sandbox is not in sync with the Podfile.lock. Run 'pod install' or update your CocoaPods installation.\" >&2\n    exit 1\nfi\n# This output is used by Xcode 'outputs' to avoid re-running this script phase.\necho \"SUCCESS\" > \"${SCRIPT_OUTPUT_FILE_0}\"\n";
			showEnvVarsInLog = 0;
		};
		BCF4A51D07D2AB42C3499391 /* [CP] Embed Pods Frameworks */ = {
			isa = PBXShellScriptBuildPhase;
			buildActionMask = 2147483647;
			files = (
			);
			inputPaths = (
				"${PODS_ROOT}/Target Support Files/Pods-SampleOTP_Example/Pods-SampleOTP_Example-frameworks.sh",
				"${BUILT_PRODUCTS_DIR}/SampleOTP/SampleOTP.framework",
			);
			name = "[CP] Embed Pods Frameworks";
			outputPaths = (
				"${TARGET_BUILD_DIR}/${FRAMEWORKS_FOLDER_PATH}/SampleOTP.framework",
			);
			runOnlyForDeploymentPostprocessing = 0;
			shellPath = /bin/sh;
			shellScript = "\"${PODS_ROOT}/Target Support Files/Pods-SampleOTP_Example/Pods-SampleOTP_Example-frameworks.sh\"\n";
			showEnvVarsInLog = 0;
		};
/* End PBXShellScriptBuildPhase section */

/* Begin PBXSourcesBuildPhase section */
		607FACCC1AFB9204008FA782 /* Sources */ = {
			isa = PBXSourcesBuildPhase;
			buildActionMask = 2147483647;
			files = (
				0489AC962DCE61F80009C461 /* AppDelegate.swift in Sources */,
				0489AC972DCE61F80009C461 /* ContentView.swift in Sources */,
				0489AC982DCE61F80009C461 /* ViewController.swift in Sources */,
				046546132DCE2682001741E8 /* Contracts.swift in Sources */,
				041262042DC990FD00737FFD /* SampleOTPView.swift in Sources */,
				041262052DC990FD00737FFD /* SampleOTPStyleHandler.swift in Sources */,
				041262062DC990FD00737FFD /* SampleOTPViewWrapper.swift in Sources */,
				041262082DC990FD00737FFD /* SampleOTPViewUIModel.swift in Sources */,
				041262092DC990FD00737FFD /* SampleOTPTextField.swift in Sources */,
				0412620A2DC990FD00737FFD /* SampleOTPAnimationHandler.swift in Sources */,
			);
			runOnlyForDeploymentPostprocessing = 0;
		};
		607FACE11AFB9204008FA782 /* Sources */ = {
			isa = PBXSourcesBuildPhase;
			buildActionMask = 2147483647;
			files = (
				04051ECB2DC99D6F00451D97 /* SampleOTPTextFieldTests.swift in Sources */,
				0465460B2DCC26F7001741E8 /* SampleOTPTextField.swift in Sources */,
				0465460C2DCC26F7001741E8 /* SampleOTPStyleHandler.swift in Sources */,
				046546122DCE2682001741E8 /* Contracts.swift in Sources */,
				0465460D2DCC26F7001741E8 /* SampleOTPAnimationHandler.swift in Sources */,
				0465460E2DCC26F7001741E8 /* SampleOTPViewUIModel.swift in Sources */,
				046546102DCC2AAC001741E8 /* SampleOTPView.swift in Sources */,
				0465460F2DCC26F7001741E8 /* SampleOTPViewWrapper.swift in Sources */,
				04051ECC2DC99D6F00451D97 /* SampleOTPAnimationHandlerTests.swift in Sources */,
				04051ECD2DC99D6F00451D97 /* SampleOTPStyleHandlerTests.swift in Sources */,
				04051ECE2DC99D6F00451D97 /* SampleOTPViewUIModelTests.swift in Sources */,
				04051ED02DC99D6F00451D97 /* SampleOTPViewTests.swift in Sources */,
			);
			runOnlyForDeploymentPostprocessing = 0;
		};
/* End PBXSourcesBuildPhase section */

/* Begin PBXTargetDependency section */
		607FACE71AFB9204008FA782 /* PBXTargetDependency */ = {
			isa = PBXTargetDependency;
			target = 607FACCF1AFB9204008FA782 /* SampleOTP_Example */;
			targetProxy = 607FACE61AFB9204008FA782 /* PBXContainerItemProxy */;
		};
/* End PBXTargetDependency section */

/* Begin PBXVariantGroup section */
		0489AC912DCE61F80009C461 /* LaunchScreen.xib */ = {
			isa = PBXVariantGroup;
			children = (
				0489AC902DCE61F80009C461 /* Base */,
			);
			name = LaunchScreen.xib;
			sourceTree = "<group>";
		};
		0489AC932DCE61F80009C461 /* Main.storyboard */ = {
			isa = PBXVariantGroup;
			children = (
				0489AC922DCE61F80009C461 /* Base */,
			);
			name = Main.storyboard;
			sourceTree = "<group>";
		};
/* End PBXVariantGroup section */

/* Begin XCBuildConfiguration section */
		607FACED1AFB9204008FA782 /* Debug */ = {
			isa = XCBuildConfiguration;
			buildSettings = {
				ALWAYS_SEARCH_USER_PATHS = NO;
				CLANG_ANALYZER_LOCALIZABILITY_NONLOCALIZED = YES;
				CLANG_CXX_LANGUAGE_STANDARD = "gnu++0x";
				CLANG_CXX_LIBRARY = "libc++";
				CLANG_ENABLE_MODULES = YES;
				CLANG_ENABLE_OBJC_ARC = YES;
				CLANG_WARN_BLOCK_CAPTURE_AUTORELEASING = YES;
				CLANG_WARN_BOOL_CONVERSION = YES;
				CLANG_WARN_COMMA = YES;
				CLANG_WARN_CONSTANT_CONVERSION = YES;
				CLANG_WARN_DEPRECATED_OBJC_IMPLEMENTATIONS = YES;
				CLANG_WARN_DIRECT_OBJC_ISA_USAGE = YES_ERROR;
				CLANG_WARN_EMPTY_BODY = YES;
				CLANG_WARN_ENUM_CONVERSION = YES;
				CLANG_WARN_INFINITE_RECURSION = YES;
				CLANG_WARN_INT_CONVERSION = YES;
				CLANG_WARN_NON_LITERAL_NULL_CONVERSION = YES;
				CLANG_WARN_OBJC_IMPLICIT_RETAIN_SELF = YES;
				CLANG_WARN_OBJC_LITERAL_CONVERSION = YES;
				CLANG_WARN_OBJC_ROOT_CLASS = YES_ERROR;
				CLANG_WARN_QUOTED_INCLUDE_IN_FRAMEWORK_HEADER = YES;
				CLANG_WARN_RANGE_LOOP_ANALYSIS = YES;
				CLANG_WARN_STRICT_PROTOTYPES = YES;
				CLANG_WARN_SUSPICIOUS_MOVE = YES;
				CLANG_WARN_UNREACHABLE_CODE = YES;
				CLANG_WARN__DUPLICATE_METHOD_MATCH = YES;
				"CODE_SIGN_IDENTITY[sdk=iphoneos*]" = "iPhone Developer";
				COPY_PHASE_STRIP = NO;
				DEBUG_INFORMATION_FORMAT = "dwarf-with-dsym";
				ENABLE_STRICT_OBJC_MSGSEND = YES;
				ENABLE_TESTABILITY = YES;
				ENABLE_USER_SCRIPT_SANDBOXING = NO;
				GCC_C_LANGUAGE_STANDARD = gnu99;
				GCC_DYNAMIC_NO_PIC = NO;
				GCC_NO_COMMON_BLOCKS = YES;
				GCC_OPTIMIZATION_LEVEL = 0;
				GCC_PREPROCESSOR_DEFINITIONS = (
					"DEBUG=1",
					"$(inherited)",
				);
				GCC_SYMBOLS_PRIVATE_EXTERN = NO;
				GCC_WARN_64_TO_32_BIT_CONVERSION = YES;
				GCC_WARN_ABOUT_RETURN_TYPE = YES_ERROR;
				GCC_WARN_UNDECLARED_SELECTOR = YES;
				GCC_WARN_UNINITIALIZED_AUTOS = YES_AGGRESSIVE;
				GCC_WARN_UNUSED_FUNCTION = YES;
				GCC_WARN_UNUSED_VARIABLE = YES;
				IPHONEOS_DEPLOYMENT_TARGET = 12.0;
				MTL_ENABLE_DEBUG_INFO = YES;
				ONLY_ACTIVE_ARCH = YES;
				SDKROOT = iphoneos;
				SWIFT_OPTIMIZATION_LEVEL = "-Onone";
			};
			name = Debug;
		};
		607FACEE1AFB9204008FA782 /* Release */ = {
			isa = XCBuildConfiguration;
			buildSettings = {
				ALWAYS_SEARCH_USER_PATHS = NO;
				CLANG_ANALYZER_LOCALIZABILITY_NONLOCALIZED = YES;
				CLANG_CXX_LANGUAGE_STANDARD = "gnu++0x";
				CLANG_CXX_LIBRARY = "libc++";
				CLANG_ENABLE_MODULES = YES;
				CLANG_ENABLE_OBJC_ARC = YES;
				CLANG_WARN_BLOCK_CAPTURE_AUTORELEASING = YES;
				CLANG_WARN_BOOL_CONVERSION = YES;
				CLANG_WARN_COMMA = YES;
				CLANG_WARN_CONSTANT_CONVERSION = YES;
				CLANG_WARN_DEPRECATED_OBJC_IMPLEMENTATIONS = YES;
				CLANG_WARN_DIRECT_OBJC_ISA_USAGE = YES_ERROR;
				CLANG_WARN_EMPTY_BODY = YES;
				CLANG_WARN_ENUM_CONVERSION = YES;
				CLANG_WARN_INFINITE_RECURSION = YES;
				CLANG_WARN_INT_CONVERSION = YES;
				CLANG_WARN_NON_LITERAL_NULL_CONVERSION = YES;
				CLANG_WARN_OBJC_IMPLICIT_RETAIN_SELF = YES;
				CLANG_WARN_OBJC_LITERAL_CONVERSION = YES;
				CLANG_WARN_OBJC_ROOT_CLASS = YES_ERROR;
				CLANG_WARN_QUOTED_INCLUDE_IN_FRAMEWORK_HEADER = YES;
				CLANG_WARN_RANGE_LOOP_ANALYSIS = YES;
				CLANG_WARN_STRICT_PROTOTYPES = YES;
				CLANG_WARN_SUSPICIOUS_MOVE = YES;
				CLANG_WARN_UNREACHABLE_CODE = YES;
				CLANG_WARN__DUPLICATE_METHOD_MATCH = YES;
				"CODE_SIGN_IDENTITY[sdk=iphoneos*]" = "iPhone Developer";
				COPY_PHASE_STRIP = NO;
				DEBUG_INFORMATION_FORMAT = "dwarf-with-dsym";
				ENABLE_NS_ASSERTIONS = NO;
				ENABLE_STRICT_OBJC_MSGSEND = YES;
				ENABLE_USER_SCRIPT_SANDBOXING = NO;
				GCC_C_LANGUAGE_STANDARD = gnu99;
				GCC_NO_COMMON_BLOCKS = YES;
				GCC_WARN_64_TO_32_BIT_CONVERSION = YES;
				GCC_WARN_ABOUT_RETURN_TYPE = YES_ERROR;
				GCC_WARN_UNDECLARED_SELECTOR = YES;
				GCC_WARN_UNINITIALIZED_AUTOS = YES_AGGRESSIVE;
				GCC_WARN_UNUSED_FUNCTION = YES;
				GCC_WARN_UNUSED_VARIABLE = YES;
				IPHONEOS_DEPLOYMENT_TARGET = 12.0;
				MTL_ENABLE_DEBUG_INFO = NO;
				SDKROOT = iphoneos;
				SWIFT_COMPILATION_MODE = wholemodule;
				SWIFT_OPTIMIZATION_LEVEL = "-O";
				VALIDATE_PRODUCT = YES;
			};
			name = Release;
		};
		607FACF01AFB9204008FA782 /* Debug */ = {
			isa = XCBuildConfiguration;
			baseConfigurationReference = 103778E1A9F2A78279120E52 /* Pods-SampleOTP_Example.debug.xcconfig */;
			buildSettings = {
				ASSETCATALOG_COMPILER_APPICON_NAME = AppIcon;
				INFOPLIST_FILE = SampleOTP/Info.plist;
				IPHONEOS_DEPLOYMENT_TARGET = 12.0;
				LD_RUNPATH_SEARCH_PATHS = (
					"$(inherited)",
					"@executable_path/Frameworks",
				);
				MODULE_NAME = ExampleApp;
				PRODUCT_BUNDLE_IDENTIFIER = "org.cocoapods.demo.$(PRODUCT_NAME:rfc1034identifier)";
				PRODUCT_NAME = "$(TARGET_NAME)";
				SWIFT_SWIFT3_OBJC_INFERENCE = Default;
				SWIFT_VERSION = 4.0;
			};
			name = Debug;
		};
		607FACF11AFB9204008FA782 /* Release */ = {
			isa = XCBuildConfiguration;
			baseConfigurationReference = 1A111F879D13CB04C24CC697 /* Pods-SampleOTP_Example.release.xcconfig */;
			buildSettings = {
				ASSETCATALOG_COMPILER_APPICON_NAME = AppIcon;
				INFOPLIST_FILE = SampleOTP/Info.plist;
				IPHONEOS_DEPLOYMENT_TARGET = 12.0;
				LD_RUNPATH_SEARCH_PATHS = (
					"$(inherited)",
					"@executable_path/Frameworks",
				);
				MODULE_NAME = ExampleApp;
				PRODUCT_BUNDLE_IDENTIFIER = "org.cocoapods.demo.$(PRODUCT_NAME:rfc1034identifier)";
				PRODUCT_NAME = "$(TARGET_NAME)";
				SWIFT_SWIFT3_OBJC_INFERENCE = Default;
				SWIFT_VERSION = 4.0;
			};
			name = Release;
		};
		607FACF31AFB9204008FA782 /* Debug */ = {
			isa = XCBuildConfiguration;
			baseConfigurationReference = 94E1B135F19D8CF97EA9A08F /* Pods-SampleOTP_Tests.debug.xcconfig */;
			buildSettings = {
				CODE_SIGN_IDENTITY = "Apple Development";
				CODE_SIGN_STYLE = Automatic;
				DEVELOPMENT_TEAM = "";
				FRAMEWORK_SEARCH_PATHS = (
					"$(PLATFORM_DIR)/Developer/Library/Frameworks",
					"$(inherited)",
				);
				GCC_PREPROCESSOR_DEFINITIONS = (
					"DEBUG=1",
					"$(inherited)",
				);
				INFOPLIST_FILE = "/Users/mac/Desktop/podz/SampleOTP/Tests/Supporting Files/Info.plist";
				IPHONEOS_DEPLOYMENT_TARGET = 12.0;
				LD_RUNPATH_SEARCH_PATHS = (
					"$(inherited)",
					"@executable_path/Frameworks",
					"@loader_path/Frameworks",
				);
				PRODUCT_BUNDLE_IDENTIFIER = "org.cocoapods.$(PRODUCT_NAME:rfc1034identifier)";
				PRODUCT_NAME = "$(TARGET_NAME)";
				PROVISIONING_PROFILE_SPECIFIER = "";
				SWIFT_SWIFT3_OBJC_INFERENCE = Default;
				SWIFT_VERSION = 4.0;
				TEST_HOST = "$(BUILT_PRODUCTS_DIR)/SampleOTP_Example.app/SampleOTP_Example";
			};
			name = Debug;
		};
		607FACF41AFB9204008FA782 /* Release */ = {
			isa = XCBuildConfiguration;
			baseConfigurationReference = 9AE40BABF5BA91EBE7151059 /* Pods-SampleOTP_Tests.release.xcconfig */;
			buildSettings = {
				CODE_SIGN_IDENTITY = "Apple Development";
				CODE_SIGN_STYLE = Automatic;
				DEVELOPMENT_TEAM = "";
				FRAMEWORK_SEARCH_PATHS = (
					"$(PLATFORM_DIR)/Developer/Library/Frameworks",
					"$(inherited)",
				);
				INFOPLIST_FILE = "/Users/mac/Desktop/podz/SampleOTP/Tests/Supporting Files/Info.plist";
				IPHONEOS_DEPLOYMENT_TARGET = 12.0;
				LD_RUNPATH_SEARCH_PATHS = (
					"$(inherited)",
					"@executable_path/Frameworks",
					"@loader_path/Frameworks",
				);
				PRODUCT_BUNDLE_IDENTIFIER = "org.cocoapods.$(PRODUCT_NAME:rfc1034identifier)";
				PRODUCT_NAME = "$(TARGET_NAME)";
				PROVISIONING_PROFILE_SPECIFIER = "";
				SWIFT_SWIFT3_OBJC_INFERENCE = Default;
				SWIFT_VERSION = 4.0;
				TEST_HOST = "$(BUILT_PRODUCTS_DIR)/SampleOTP_Example.app/SampleOTP_Example";
			};
			name = Release;
		};
/* End XCBuildConfiguration section */

/* Begin XCConfigurationList section */
		607FACCB1AFB9204008FA782 /* Build configuration list for PBXProject "SampleOTP" */ = {
			isa = XCConfigurationList;
			buildConfigurations = (
				607FACED1AFB9204008FA782 /* Debug */,
				607FACEE1AFB9204008FA782 /* Release */,
			);
			defaultConfigurationIsVisible = 0;
			defaultConfigurationName = Release;
		};
		607FACEF1AFB9204008FA782 /* Build configuration list for PBXNativeTarget "SampleOTP_Example" */ = {
			isa = XCConfigurationList;
			buildConfigurations = (
				607FACF01AFB9204008FA782 /* Debug */,
				607FACF11AFB9204008FA782 /* Release */,
			);
			defaultConfigurationIsVisible = 0;
			defaultConfigurationName = Release;
		};
		607FACF21AFB9204008FA782 /* Build configuration list for PBXNativeTarget "SampleOTP_Tests" */ = {
			isa = XCConfigurationList;
			buildConfigurations = (
				607FACF31AFB9204008FA782 /* Debug */,
				607FACF41AFB9204008FA782 /* Release */,
			);
			defaultConfigurationIsVisible = 0;
			defaultConfigurationName = Release;
		};
/* End XCConfigurationList section */
	};
	rootObject = 607FACC81AFB9204008FA782 /* Project object */;
}
